
Microsoft Visual Studio Solution File, Format Version 12.00
# Visual Studio Version 17
VisualStudioVersion = 17.3.32929.385
MinimumVisualStudioVersion = 10.0.40219.1
Project("{FAE04EC0-301F-11D3-BF4B-00C04F79EFBC}") = "calculatorbasic1", "calculatorbasic1\calculatorbasic1.csproj", "{6FC21923-5F40-4DE1-BC2E-A80A11576EAF}"
EndProject
Global
	GlobalSection(SolutionConfigurationPlatforms) = preSolution
		Debug|Any CPU = Debug|Any CPU
		Release|Any CPU = Release|Any CPU
	EndGlobalSection
	GlobalSection(ProjectConfigurationPlatforms) = postSolution
		{6FC21923-5F40-4DE1-BC2E-A80A11576EAF}.Debug|Any CPU.ActiveCfg = Debug|Any CPU
		{6FC21923-5F40-4DE1-BC2E-A80A11576EAF}.Debug|Any CPU.Build.0 = Debug|Any CPU
		{6FC21923-5F40-4DE1-BC2E-A80A11576EAF}.Release|Any CPU.ActiveCfg = Release|Any CPU
		{6FC21923-5F40-4DE1-BC2E-A80A11576EAF}.Release|Any CPU.Build.0 = Release|Any CPU
	EndGlobalSection
	GlobalSection(SolutionProperties) = preSolution
		HideSolutionNode = FALSE
	EndGlobalSection
	GlobalSection(ExtensibilityGlobals) = postSolution
		SolutionGuid = {73789786-B586-44ED-8555-B9E2A9D969BA}
	EndGlobalSection
EndGlobal
